// !$*UTF8*$!
{
	archiveVersion = 1;
	classes = {
	};
	objectVersion = 56;
	objects = {

/* Begin PBXBuildFile section */
		FD2B78342BF1890E0072E0EF /* SoundManager.swift in Sources */ = {isa = PBXBuildFile; fileRef = FD2B78332BF1890E0072E0EF /* SoundManager.swift */; };
		FD3D3C462BE6D12D0022D28D /* VideoPlayerConfig.swift in Sources */ = {isa = PBXBuildFile; fileRef = FD3D3C452BE6D12D0022D28D /* VideoPlayerConfig.swift */; };
		FD3D3C482BE6D1F80022D28D /* VideoModel.swift in Sources */ = {isa = PBXBuildFile; fileRef = FD3D3C472BE6D1F80022D28D /* VideoModel.swift */; };
		FD3D3C4A2BE6D4D30022D28D /* SearchView.swift in Sources */ = {isa = PBXBuildFile; fileRef = FD3D3C492BE6D4D30022D28D /* SearchView.swift */; };
		FD3D3C4C2BE6D51F0022D28D /* VideoThumbnailView.swift in Sources */ = {isa = PBXBuildFile; fileRef = FD3D3C4B2BE6D51F0022D28D /* VideoThumbnailView.swift */; };
		FD3D3C4E2BE6D53E0022D28D /* ChannelThumbnailView.swift in Sources */ = {isa = PBXBuildFile; fileRef = FD3D3C4D2BE6D53E0022D28D /* ChannelThumbnailView.swift */; };
		FD3D3C502BE6D5920022D28D /* PlaylistThumbnailView.swift in Sources */ = {isa = PBXBuildFile; fileRef = FD3D3C4F2BE6D5920022D28D /* PlaylistThumbnailView.swift */; };
		FD3D3C522BE6D6840022D28D /* InfoModel.swift in Sources */ = {isa = PBXBuildFile; fileRef = FD3D3C512BE6D6840022D28D /* InfoModel.swift */; };
		FD3D3C552BE6D86A0022D28D /* VideoPlayerView.swift in Sources */ = {isa = PBXBuildFile; fileRef = FD3D3C542BE6D86A0022D28D /* VideoPlayerView.swift */; };
		FD7077F82BF008E400E1FDEF /* RouteModel.swift in Sources */ = {isa = PBXBuildFile; fileRef = FD7077F72BF008E400E1FDEF /* RouteModel.swift */; };
		FD731CB92BF0CED100F65669 /* FavoriteItemView.swift in Sources */ = {isa = PBXBuildFile; fileRef = FD731CB82BF0CED100F65669 /* FavoriteItemView.swift */; };
		FD731CBD2BF13EE400F65669 /* AddFolderButtonView.swift in Sources */ = {isa = PBXBuildFile; fileRef = FD731CBC2BF13EE400F65669 /* AddFolderButtonView.swift */; };
		FD731CBF2BF14BA300F65669 /* AddFavoriteButtonView.swift in Sources */ = {isa = PBXBuildFile; fileRef = FD731CBE2BF14BA300F65669 /* AddFavoriteButtonView.swift */; };
		FD9BF4082BE7857D00716317 /* APICallManager.swift in Sources */ = {isa = PBXBuildFile; fileRef = FD9BF4072BE7857D00716317 /* APICallManager.swift */; };
		FD9BF40A2BE7A0BA00716317 /* PlaylistModel.swift in Sources */ = {isa = PBXBuildFile; fileRef = FD9BF4092BE7A0BA00716317 /* PlaylistModel.swift */; };
		FD9BF40C2BE7A21500716317 /* ChannelModel.swift in Sources */ = {isa = PBXBuildFile; fileRef = FD9BF40B2BE7A21500716317 /* ChannelModel.swift */; };
		FDBF3F622BED5E0400B914E5 /* PlaylistView.swift in Sources */ = {isa = PBXBuildFile; fileRef = FDBF3F612BED5E0400B914E5 /* PlaylistView.swift */; };
		FDBF3F642BED5E2A00B914E5 /* ChannelView.swift in Sources */ = {isa = PBXBuildFile; fileRef = FDBF3F632BED5E2A00B914E5 /* ChannelView.swift */; };
		FDC354BC2BE6C87300B9DD3F /* YourMusicApp.swift in Sources */ = {isa = PBXBuildFile; fileRef = FDC354BB2BE6C87300B9DD3F /* YourMusicApp.swift */; };
		FDC354BE2BE6C87300B9DD3F /* FavoriteView.swift in Sources */ = {isa = PBXBuildFile; fileRef = FDC354BD2BE6C87300B9DD3F /* FavoriteView.swift */; };
		FDC354C02BE6C87300B9DD3F /* FavoriteItem.swift in Sources */ = {isa = PBXBuildFile; fileRef = FDC354BF2BE6C87300B9DD3F /* FavoriteItem.swift */; };
		FDC354C22BE6C87600B9DD3F /* Assets.xcassets in Resources */ = {isa = PBXBuildFile; fileRef = FDC354C12BE6C87600B9DD3F /* Assets.xcassets */; };
		FDC354C52BE6C87600B9DD3F /* Preview Assets.xcassets in Resources */ = {isa = PBXBuildFile; fileRef = FDC354C42BE6C87600B9DD3F /* Preview Assets.xcassets */; };
		FDC354CD2BE6C9E000B9DD3F /* TabModel.swift in Sources */ = {isa = PBXBuildFile; fileRef = FDC354CC2BE6C9E000B9DD3F /* TabModel.swift */; };
		FDC354D02BE6CA9E00B9DD3F /* HomeView.swift in Sources */ = {isa = PBXBuildFile; fileRef = FDC354CF2BE6CA9E00B9DD3F /* HomeView.swift */; };
		FDC354D22BE6CF2200B9DD3F /* BlurView.swift in Sources */ = {isa = PBXBuildFile; fileRef = FDC354D12BE6CF2200B9DD3F /* BlurView.swift */; };
		FDC778F42BEE8348007CD0F2 /* HeaderView.swift in Sources */ = {isa = PBXBuildFile; fileRef = FDC778F32BEE8348007CD0F2 /* HeaderView.swift */; };
		FDF564E02BEAA3C40022C013 /* Utility.swift in Sources */ = {isa = PBXBuildFile; fileRef = FDF564DF2BEAA3C30022C013 /* Utility.swift */; };
/* End PBXBuildFile section */

/* Begin PBXFileReference section */
		FD2B78332BF1890E0072E0EF /* SoundManager.swift */ = {isa = PBXFileReference; fileEncoding = 4; lastKnownFileType = sourcecode.swift; path = SoundManager.swift; sourceTree = "<group>"; };
		FD3D3C452BE6D12D0022D28D /* VideoPlayerConfig.swift */ = {isa = PBXFileReference; lastKnownFileType = sourcecode.swift; path = VideoPlayerConfig.swift; sourceTree = "<group>"; };
		FD3D3C472BE6D1F80022D28D /* VideoModel.swift */ = {isa = PBXFileReference; lastKnownFileType = sourcecode.swift; path = VideoModel.swift; sourceTree = "<group>"; };
		FD3D3C492BE6D4D30022D28D /* SearchView.swift */ = {isa = PBXFileReference; lastKnownFileType = sourcecode.swift; path = SearchView.swift; sourceTree = "<group>"; };
		FD3D3C4B2BE6D51F0022D28D /* VideoThumbnailView.swift */ = {isa = PBXFileReference; lastKnownFileType = sourcecode.swift; path = VideoThumbnailView.swift; sourceTree = "<group>"; };
		FD3D3C4D2BE6D53E0022D28D /* ChannelThumbnailView.swift */ = {isa = PBXFileReference; lastKnownFileType = sourcecode.swift; path = ChannelThumbnailView.swift; sourceTree = "<group>"; };
		FD3D3C4F2BE6D5920022D28D /* PlaylistThumbnailView.swift */ = {isa = PBXFileReference; lastKnownFileType = sourcecode.swift; path = PlaylistThumbnailView.swift; sourceTree = "<group>"; };
		FD3D3C512BE6D6840022D28D /* InfoModel.swift */ = {isa = PBXFileReference; lastKnownFileType = sourcecode.swift; path = InfoModel.swift; sourceTree = "<group>"; };
		FD3D3C542BE6D86A0022D28D /* VideoPlayerView.swift */ = {isa = PBXFileReference; lastKnownFileType = sourcecode.swift; path = VideoPlayerView.swift; sourceTree = "<group>"; };
		FD7077F72BF008E400E1FDEF /* RouteModel.swift */ = {isa = PBXFileReference; lastKnownFileType = sourcecode.swift; path = RouteModel.swift; sourceTree = "<group>"; };
		FD731CB82BF0CED100F65669 /* FavoriteItemView.swift */ = {isa = PBXFileReference; lastKnownFileType = sourcecode.swift; path = FavoriteItemView.swift; sourceTree = "<group>"; };
		FD731CBC2BF13EE400F65669 /* AddFolderButtonView.swift */ = {isa = PBXFileReference; lastKnownFileType = sourcecode.swift; path = AddFolderButtonView.swift; sourceTree = "<group>"; };
		FD731CBE2BF14BA300F65669 /* AddFavoriteButtonView.swift */ = {isa = PBXFileReference; lastKnownFileType = sourcecode.swift; path = AddFavoriteButtonView.swift; sourceTree = "<group>"; };
		FD9BF4072BE7857D00716317 /* APICallManager.swift */ = {isa = PBXFileReference; lastKnownFileType = sourcecode.swift; path = APICallManager.swift; sourceTree = "<group>"; };
		FD9BF4092BE7A0BA00716317 /* PlaylistModel.swift */ = {isa = PBXFileReference; lastKnownFileType = sourcecode.swift; path = PlaylistModel.swift; sourceTree = "<group>"; };
		FD9BF40B2BE7A21500716317 /* ChannelModel.swift */ = {isa = PBXFileReference; lastKnownFileType = sourcecode.swift; path = ChannelModel.swift; sourceTree = "<group>"; };
		FDB69CB92BEBBE82002B4361 /* Info.plist */ = {isa = PBXFileReference; lastKnownFileType = text.plist; path = Info.plist; sourceTree = "<group>"; };
		FDBF3F612BED5E0400B914E5 /* PlaylistView.swift */ = {isa = PBXFileReference; lastKnownFileType = sourcecode.swift; path = PlaylistView.swift; sourceTree = "<group>"; };
		FDBF3F632BED5E2A00B914E5 /* ChannelView.swift */ = {isa = PBXFileReference; lastKnownFileType = sourcecode.swift; path = ChannelView.swift; sourceTree = "<group>"; };
		FDC354B82BE6C87300B9DD3F /* YourMusic.app */ = {isa = PBXFileReference; explicitFileType = wrapper.application; includeInIndex = 0; path = YourMusic.app; sourceTree = BUILT_PRODUCTS_DIR; };
		FDC354BB2BE6C87300B9DD3F /* YourMusicApp.swift */ = {isa = PBXFileReference; lastKnownFileType = sourcecode.swift; path = YourMusicApp.swift; sourceTree = "<group>"; };
		FDC354BD2BE6C87300B9DD3F /* FavoriteView.swift */ = {isa = PBXFileReference; lastKnownFileType = sourcecode.swift; path = FavoriteView.swift; sourceTree = "<group>"; };
		FDC354BF2BE6C87300B9DD3F /* FavoriteItem.swift */ = {isa = PBXFileReference; lastKnownFileType = sourcecode.swift; path = FavoriteItem.swift; sourceTree = "<group>"; };
		FDC354C12BE6C87600B9DD3F /* Assets.xcassets */ = {isa = PBXFileReference; lastKnownFileType = folder.assetcatalog; path = Assets.xcassets; sourceTree = "<group>"; };
		FDC354C42BE6C87600B9DD3F /* Preview Assets.xcassets */ = {isa = PBXFileReference; lastKnownFileType = folder.assetcatalog; path = "Preview Assets.xcassets"; sourceTree = "<group>"; };
		FDC354CC2BE6C9E000B9DD3F /* TabModel.swift */ = {isa = PBXFileReference; lastKnownFileType = sourcecode.swift; path = TabModel.swift; sourceTree = "<group>"; };
		FDC354CF2BE6CA9E00B9DD3F /* HomeView.swift */ = {isa = PBXFileReference; lastKnownFileType = sourcecode.swift; path = HomeView.swift; sourceTree = "<group>"; };
		FDC354D12BE6CF2200B9DD3F /* BlurView.swift */ = {isa = PBXFileReference; lastKnownFileType = sourcecode.swift; path = BlurView.swift; sourceTree = "<group>"; };
		FDC778F32BEE8348007CD0F2 /* HeaderView.swift */ = {isa = PBXFileReference; fileEncoding = 4; lastKnownFileType = sourcecode.swift; name = HeaderView.swift; path = ../../../YourTube/YourTube/View/HeaderView.swift; sourceTree = "<group>"; };
		FDF564DF2BEAA3C30022C013 /* Utility.swift */ = {isa = PBXFileReference; lastKnownFileType = sourcecode.swift; path = Utility.swift; sourceTree = "<group>"; };
/* End PBXFileReference section */

/* Begin PBXFrameworksBuildPhase section */
		FDC354B52BE6C87300B9DD3F /* Frameworks */ = {
			isa = PBXFrameworksBuildPhase;
			buildActionMask = 2147483647;
			files = (
			);
			runOnlyForDeploymentPostprocessing = 0;
		};
/* End PBXFrameworksBuildPhase section */

/* Begin PBXGroup section */
		FD3D3C532BE6D6E70022D28D /* ComponentView */ = {
			isa = PBXGroup;
			children = (
				FD3D3C4B2BE6D51F0022D28D /* VideoThumbnailView.swift */,
				FD3D3C4D2BE6D53E0022D28D /* ChannelThumbnailView.swift */,
				FD3D3C4F2BE6D5920022D28D /* PlaylistThumbnailView.swift */,
				FDC778F32BEE8348007CD0F2 /* HeaderView.swift */,
				FD731CB82BF0CED100F65669 /* FavoriteItemView.swift */,
				FD731CBC2BF13EE400F65669 /* AddFolderButtonView.swift */,
				FD731CBE2BF14BA300F65669 /* AddFavoriteButtonView.swift */,
			);
			path = ComponentView;
			sourceTree = "<group>";
		};
		FDC354AF2BE6C87300B9DD3F = {
			isa = PBXGroup;
			children = (
				FDC354BA2BE6C87300B9DD3F /* YourMusic */,
				FDC354B92BE6C87300B9DD3F /* Products */,
			);
			sourceTree = "<group>";
		};
		FDC354B92BE6C87300B9DD3F /* Products */ = {
			isa = PBXGroup;
			children = (
				FDC354B82BE6C87300B9DD3F /* YourMusic.app */,
			);
			name = Products;
			sourceTree = "<group>";
		};
		FDC354BA2BE6C87300B9DD3F /* YourMusic */ = {
			isa = PBXGroup;
			children = (
				FDB69CB92BEBBE82002B4361 /* Info.plist */,
				FD3D3C532BE6D6E70022D28D /* ComponentView */,
				FDC354CE2BE6CA8A00B9DD3F /* View */,
				FDC354CB2BE6C92100B9DD3F /* Model */,
				FDC354BB2BE6C87300B9DD3F /* YourMusicApp.swift */,
				FDC354BF2BE6C87300B9DD3F /* FavoriteItem.swift */,
				FD3D3C452BE6D12D0022D28D /* VideoPlayerConfig.swift */,
				FDC354C12BE6C87600B9DD3F /* Assets.xcassets */,
				FDC354C32BE6C87600B9DD3F /* Preview Content */,
				FD9BF4072BE7857D00716317 /* APICallManager.swift */,
				FDF564DF2BEAA3C30022C013 /* Utility.swift */,
				FD2B78332BF1890E0072E0EF /* SoundManager.swift */,
			);
			path = YourMusic;
			sourceTree = "<group>";
		};
		FDC354C32BE6C87600B9DD3F /* Preview Content */ = {
			isa = PBXGroup;
			children = (
				FDC354C42BE6C87600B9DD3F /* Preview Assets.xcassets */,
			);
			path = "Preview Content";
			sourceTree = "<group>";
		};
		FDC354CB2BE6C92100B9DD3F /* Model */ = {
			isa = PBXGroup;
			children = (
				FDC354CC2BE6C9E000B9DD3F /* TabModel.swift */,
				FD7077F72BF008E400E1FDEF /* RouteModel.swift */,
				FD3D3C512BE6D6840022D28D /* InfoModel.swift */,
				FD3D3C472BE6D1F80022D28D /* VideoModel.swift */,
				FD9BF4092BE7A0BA00716317 /* PlaylistModel.swift */,
				FD9BF40B2BE7A21500716317 /* ChannelModel.swift */,
			);
			path = Model;
			sourceTree = "<group>";
		};
		FDC354CE2BE6CA8A00B9DD3F /* View */ = {
			isa = PBXGroup;
			children = (
				FDC354CF2BE6CA9E00B9DD3F /* HomeView.swift */,
				FDC354D12BE6CF2200B9DD3F /* BlurView.swift */,
				FD3D3C492BE6D4D30022D28D /* SearchView.swift */,
				FD3D3C542BE6D86A0022D28D /* VideoPlayerView.swift */,
				FDBF3F612BED5E0400B914E5 /* PlaylistView.swift */,
				FDBF3F632BED5E2A00B914E5 /* ChannelView.swift */,
				FDC354BD2BE6C87300B9DD3F /* FavoriteView.swift */,
			);
			path = View;
			sourceTree = "<group>";
		};
/* End PBXGroup section */

/* Begin PBXNativeTarget section */
		FDC354B72BE6C87300B9DD3F /* YourMusic */ = {
			isa = PBXNativeTarget;
			buildConfigurationList = FDC354C82BE6C87600B9DD3F /* Build configuration list for PBXNativeTarget "YourMusic" */;
			buildPhases = (
				FDC354B42BE6C87300B9DD3F /* Sources */,
				FDC354B52BE6C87300B9DD3F /* Frameworks */,
				FDC354B62BE6C87300B9DD3F /* Resources */,
			);
			buildRules = (
			);
			dependencies = (
			);
			name = YourMusic;
			packageProductDependencies = (
			);
			productName = YourMusic;
			productReference = FDC354B82BE6C87300B9DD3F /* YourMusic.app */;
			productType = "com.apple.product-type.application";
		};
/* End PBXNativeTarget section */

/* Begin PBXProject section */
		FDC354B02BE6C87300B9DD3F /* Project object */ = {
			isa = PBXProject;
			attributes = {
				BuildIndependentTargetsInParallel = 1;
				LastSwiftUpdateCheck = 1530;
				LastUpgradeCheck = 1530;
				TargetAttributes = {
					FDC354B72BE6C87300B9DD3F = {
						CreatedOnToolsVersion = 15.3;
					};
				};
			};
			buildConfigurationList = FDC354B32BE6C87300B9DD3F /* Build configuration list for PBXProject "YourMusic" */;
			compatibilityVersion = "Xcode 14.0";
			developmentRegion = en;
			hasScannedForEncodings = 0;
			knownRegions = (
				en,
				Base,
			);
			mainGroup = FDC354AF2BE6C87300B9DD3F;
			packageReferences = (
			);
			productRefGroup = FDC354B92BE6C87300B9DD3F /* Products */;
			projectDirPath = "";
			projectRoot = "";
			targets = (
				FDC354B72BE6C87300B9DD3F /* YourMusic */,
			);
		};
/* End PBXProject section */

/* Begin PBXResourcesBuildPhase section */
		FDC354B62BE6C87300B9DD3F /* Resources */ = {
			isa = PBXResourcesBuildPhase;
			buildActionMask = 2147483647;
			files = (
				FDC354C52BE6C87600B9DD3F /* Preview Assets.xcassets in Resources */,
				FDC354C22BE6C87600B9DD3F /* Assets.xcassets in Resources */,
			);
			runOnlyForDeploymentPostprocessing = 0;
		};
/* End PBXResourcesBuildPhase section */

/* Begin PBXSourcesBuildPhase section */
		FDC354B42BE6C87300B9DD3F /* Sources */ = {
			isa = PBXSourcesBuildPhase;
			buildActionMask = 2147483647;
			files = (
				FDC354BE2BE6C87300B9DD3F /* FavoriteView.swift in Sources */,
				FD9BF40A2BE7A0BA00716317 /* PlaylistModel.swift in Sources */,
				FD3D3C4E2BE6D53E0022D28D /* ChannelThumbnailView.swift in Sources */,
				FD3D3C4A2BE6D4D30022D28D /* SearchView.swift in Sources */,
				FD3D3C522BE6D6840022D28D /* InfoModel.swift in Sources */,
				FDC354CD2BE6C9E000B9DD3F /* TabModel.swift in Sources */,
				FDC778F42BEE8348007CD0F2 /* HeaderView.swift in Sources */,
				FDF564E02BEAA3C40022C013 /* Utility.swift in Sources */,
				FD7077F82BF008E400E1FDEF /* RouteModel.swift in Sources */,
				FD3D3C4C2BE6D51F0022D28D /* VideoThumbnailView.swift in Sources */,
				FD731CB92BF0CED100F65669 /* FavoriteItemView.swift in Sources */,
				FDC354C02BE6C87300B9DD3F /* FavoriteItem.swift in Sources */,
				FD3D3C482BE6D1F80022D28D /* VideoModel.swift in Sources */,
				FD3D3C502BE6D5920022D28D /* PlaylistThumbnailView.swift in Sources */,
				FDBF3F642BED5E2A00B914E5 /* ChannelView.swift in Sources */,
				FD9BF40C2BE7A21500716317 /* ChannelModel.swift in Sources */,
				FDC354D02BE6CA9E00B9DD3F /* HomeView.swift in Sources */,
				FD2B78342BF1890E0072E0EF /* SoundManager.swift in Sources */,
				FDBF3F622BED5E0400B914E5 /* PlaylistView.swift in Sources */,
				FDC354BC2BE6C87300B9DD3F /* YourMusicApp.swift in Sources */,
				FDC354D22BE6CF2200B9DD3F /* BlurView.swift in Sources */,
				FD3D3C462BE6D12D0022D28D /* VideoPlayerConfig.swift in Sources */,
				FD9BF4082BE7857D00716317 /* APICallManager.swift in Sources */,
				FD731CBD2BF13EE400F65669 /* AddFolderButtonView.swift in Sources */,
				FD731CBF2BF14BA300F65669 /* AddFavoriteButtonView.swift in Sources */,
				FD3D3C552BE6D86A0022D28D /* VideoPlayerView.swift in Sources */,
			);
			runOnlyForDeploymentPostprocessing = 0;
		};
/* End PBXSourcesBuildPhase section */

/* Begin XCBuildConfiguration section */
		FDC354C62BE6C87600B9DD3F /* Debug */ = {
			isa = XCBuildConfiguration;
			buildSettings = {
				ALWAYS_SEARCH_USER_PATHS = NO;
				ASSETCATALOG_COMPILER_GENERATE_SWIFT_ASSET_SYMBOL_EXTENSIONS = YES;
				CLANG_ANALYZER_NONNULL = YES;
				CLANG_ANALYZER_NUMBER_OBJECT_CONVERSION = YES_AGGRESSIVE;
				CLANG_CXX_LANGUAGE_STANDARD = "gnu++20";
				CLANG_ENABLE_MODULES = YES;
				CLANG_ENABLE_OBJC_ARC = YES;
				CLANG_ENABLE_OBJC_WEAK = YES;
				CLANG_WARN_BLOCK_CAPTURE_AUTORELEASING = YES;
				CLANG_WARN_BOOL_CONVERSION = YES;
				CLANG_WARN_COMMA = YES;
				CLANG_WARN_CONSTANT_CONVERSION = YES;
				CLANG_WARN_DEPRECATED_OBJC_IMPLEMENTATIONS = YES;
				CLANG_WARN_DIRECT_OBJC_ISA_USAGE = YES_ERROR;
				CLANG_WARN_DOCUMENTATION_COMMENTS = YES;
				CLANG_WARN_EMPTY_BODY = YES;
				CLANG_WARN_ENUM_CONVERSION = YES;
				CLANG_WARN_INFINITE_RECURSION = YES;
				CLANG_WARN_INT_CONVERSION = YES;
				CLANG_WARN_NON_LITERAL_NULL_CONVERSION = YES;
				CLANG_WARN_OBJC_IMPLICIT_RETAIN_SELF = YES;
				CLANG_WARN_OBJC_LITERAL_CONVERSION = YES;
				CLANG_WARN_OBJC_ROOT_CLASS = YES_ERROR;
				CLANG_WARN_QUOTED_INCLUDE_IN_FRAMEWORK_HEADER = YES;
				CLANG_WARN_RANGE_LOOP_ANALYSIS = YES;
				CLANG_WARN_STRICT_PROTOTYPES = YES;
				CLANG_WARN_SUSPICIOUS_MOVE = YES;
				CLANG_WARN_UNGUARDED_AVAILABILITY = YES_AGGRESSIVE;
				CLANG_WARN_UNREACHABLE_CODE = YES;
				CLANG_WARN__DUPLICATE_METHOD_MATCH = YES;
				COPY_PHASE_STRIP = NO;
				DEBUG_INFORMATION_FORMAT = dwarf;
				ENABLE_STRICT_OBJC_MSGSEND = YES;
				ENABLE_TESTABILITY = YES;
				ENABLE_USER_SCRIPT_SANDBOXING = YES;
				GCC_C_LANGUAGE_STANDARD = gnu17;
				GCC_DYNAMIC_NO_PIC = NO;
				GCC_NO_COMMON_BLOCKS = YES;
				GCC_OPTIMIZATION_LEVEL = 0;
				GCC_PREPROCESSOR_DEFINITIONS = (
					"DEBUG=1",
					"$(inherited)",
				);
				GCC_WARN_64_TO_32_BIT_CONVERSION = YES;
				GCC_WARN_ABOUT_RETURN_TYPE = YES_ERROR;
				GCC_WARN_UNDECLARED_SELECTOR = YES;
				GCC_WARN_UNINITIALIZED_AUTOS = YES_AGGRESSIVE;
				GCC_WARN_UNUSED_FUNCTION = YES;
				GCC_WARN_UNUSED_VARIABLE = YES;
				IPHONEOS_DEPLOYMENT_TARGET = 17.4;
				LOCALIZATION_PREFERS_STRING_CATALOGS = YES;
				MTL_ENABLE_DEBUG_INFO = INCLUDE_SOURCE;
				MTL_FAST_MATH = YES;
				ONLY_ACTIVE_ARCH = YES;
				SDKROOT = iphoneos;
				SWIFT_ACTIVE_COMPILATION_CONDITIONS = "DEBUG $(inherited)";
				SWIFT_OPTIMIZATION_LEVEL = "-Onone";
			};
			name = Debug;
		};
		FDC354C72BE6C87600B9DD3F /* Release */ = {
			isa = XCBuildConfiguration;
			buildSettings = {
				ALWAYS_SEARCH_USER_PATHS = NO;
				ASSETCATALOG_COMPILER_GENERATE_SWIFT_ASSET_SYMBOL_EXTENSIONS = YES;
				CLANG_ANALYZER_NONNULL = YES;
				CLANG_ANALYZER_NUMBER_OBJECT_CONVERSION = YES_AGGRESSIVE;
				CLANG_CXX_LANGUAGE_STANDARD = "gnu++20";
				CLANG_ENABLE_MODULES = YES;
				CLANG_ENABLE_OBJC_ARC = YES;
				CLANG_ENABLE_OBJC_WEAK = YES;
				CLANG_WARN_BLOCK_CAPTURE_AUTORELEASING = YES;
				CLANG_WARN_BOOL_CONVERSION = YES;
				CLANG_WARN_COMMA = YES;
				CLANG_WARN_CONSTANT_CONVERSION = YES;
				CLANG_WARN_DEPRECATED_OBJC_IMPLEMENTATIONS = YES;
				CLANG_WARN_DIRECT_OBJC_ISA_USAGE = YES_ERROR;
				CLANG_WARN_DOCUMENTATION_COMMENTS = YES;
				CLANG_WARN_EMPTY_BODY = YES;
				CLANG_WARN_ENUM_CONVERSION = YES;
				CLANG_WARN_INFINITE_RECURSION = YES;
				CLANG_WARN_INT_CONVERSION = YES;
				CLANG_WARN_NON_LITERAL_NULL_CONVERSION = YES;
				CLANG_WARN_OBJC_IMPLICIT_RETAIN_SELF = YES;
				CLANG_WARN_OBJC_LITERAL_CONVERSION = YES;
				CLANG_WARN_OBJC_ROOT_CLASS = YES_ERROR;
				CLANG_WARN_QUOTED_INCLUDE_IN_FRAMEWORK_HEADER = YES;
				CLANG_WARN_RANGE_LOOP_ANALYSIS = YES;
				CLANG_WARN_STRICT_PROTOTYPES = YES;
				CLANG_WARN_SUSPICIOUS_MOVE = YES;
				CLANG_WARN_UNGUARDED_AVAILABILITY = YES_AGGRESSIVE;
				CLANG_WARN_UNREACHABLE_CODE = YES;
				CLANG_WARN__DUPLICATE_METHOD_MATCH = YES;
				COPY_PHASE_STRIP = NO;
				DEBUG_INFORMATION_FORMAT = "dwarf-with-dsym";
				ENABLE_NS_ASSERTIONS = NO;
				ENABLE_STRICT_OBJC_MSGSEND = YES;
				ENABLE_USER_SCRIPT_SANDBOXING = YES;
				GCC_C_LANGUAGE_STANDARD = gnu17;
				GCC_NO_COMMON_BLOCKS = YES;
				GCC_WARN_64_TO_32_BIT_CONVERSION = YES;
				GCC_WARN_ABOUT_RETURN_TYPE = YES_ERROR;
				GCC_WARN_UNDECLARED_SELECTOR = YES;
				GCC_WARN_UNINITIALIZED_AUTOS = YES_AGGRESSIVE;
				GCC_WARN_UNUSED_FUNCTION = YES;
				GCC_WARN_UNUSED_VARIABLE = YES;
				IPHONEOS_DEPLOYMENT_TARGET = 17.4;
				LOCALIZATION_PREFERS_STRING_CATALOGS = YES;
				MTL_ENABLE_DEBUG_INFO = NO;
				MTL_FAST_MATH = YES;
				SDKROOT = iphoneos;
				SWIFT_COMPILATION_MODE = wholemodule;
				VALIDATE_PRODUCT = YES;
			};
			name = Release;
		};
		FDC354C92BE6C87600B9DD3F /* Debug */ = {
			isa = XCBuildConfiguration;
			buildSettings = {
				ASSETCATALOG_COMPILER_APPICON_NAME = AppIcon;
				ASSETCATALOG_COMPILER_GLOBAL_ACCENT_COLOR_NAME = AccentColor;
				CODE_SIGN_STYLE = Automatic;
				CURRENT_PROJECT_VERSION = 1;
				DEVELOPMENT_ASSET_PATHS = "\"YourMusic/Preview Content\"";
				DEVELOPMENT_TEAM = 3SY32WDY4S;
				ENABLE_PREVIEWS = YES;
				GENERATE_INFOPLIST_FILE = YES;
				INFOPLIST_FILE = YourMusic/Info.plist;
				INFOPLIST_KEY_UIApplicationSceneManifest_Generation = YES;
				INFOPLIST_KEY_UIApplicationSupportsIndirectInputEvents = YES;
				INFOPLIST_KEY_UILaunchScreen_Generation = YES;
				INFOPLIST_KEY_UISupportedInterfaceOrientations_iPad = "UIInterfaceOrientationPortrait UIInterfaceOrientationPortraitUpsideDown UIInterfaceOrientationLandscapeLeft UIInterfaceOrientationLandscapeRight";
				INFOPLIST_KEY_UISupportedInterfaceOrientations_iPhone = "UIInterfaceOrientationPortrait UIInterfaceOrientationLandscapeLeft UIInterfaceOrientationLandscapeRight";
				LD_RUNPATH_SEARCH_PATHS = (
					"$(inherited)",
					"@executable_path/Frameworks",
				);
				MARKETING_VERSION = 1.0;
				PRODUCT_BUNDLE_IDENTIFIER = thanabardi.YourMusic;
				PRODUCT_NAME = "$(TARGET_NAME)";
				SWIFT_EMIT_LOC_STRINGS = YES;
				SWIFT_VERSION = 5.0;
				TARGETED_DEVICE_FAMILY = "1,2";
			};
			name = Debug;
		};
		FDC354CA2BE6C87600B9DD3F /* Release */ = {
			isa = XCBuildConfiguration;
			buildSettings = {
				ASSETCATALOG_COMPILER_APPICON_NAME = AppIcon;
				ASSETCATALOG_COMPILER_GLOBAL_ACCENT_COLOR_NAME = AccentColor;
				CODE_SIGN_STYLE = Automatic;
				CURRENT_PROJECT_VERSION = 1;
				DEVELOPMENT_ASSET_PATHS = "\"YourMusic/Preview Content\"";
				DEVELOPMENT_TEAM = 3SY32WDY4S;
				ENABLE_PREVIEWS = YES;
				GENERATE_INFOPLIST_FILE = YES;
				INFOPLIST_FILE = YourMusic/Info.plist;
				INFOPLIST_KEY_UIApplicationSceneManifest_Generation = YES;
				INFOPLIST_KEY_UIApplicationSupportsIndirectInputEvents = YES;
				INFOPLIST_KEY_UILaunchScreen_Generation = YES;
				INFOPLIST_KEY_UISupportedInterfaceOrientations_iPad = "UIInterfaceOrientationPortrait UIInterfaceOrientationPortraitUpsideDown UIInterfaceOrientationLandscapeLeft UIInterfaceOrientationLandscapeRight";
				INFOPLIST_KEY_UISupportedInterfaceOrientations_iPhone = "UIInterfaceOrientationPortrait UIInterfaceOrientationLandscapeLeft UIInterfaceOrientationLandscapeRight";
				LD_RUNPATH_SEARCH_PATHS = (
					"$(inherited)",
					"@executable_path/Frameworks",
				);
				MARKETING_VERSION = 1.0;
				PRODUCT_BUNDLE_IDENTIFIER = thanabardi.YourMusic;
				PRODUCT_NAME = "$(TARGET_NAME)";
				SWIFT_EMIT_LOC_STRINGS = YES;
				SWIFT_VERSION = 5.0;
				TARGETED_DEVICE_FAMILY = "1,2";
			};
			name = Release;
		};
/* End XCBuildConfiguration section */

/* Begin XCConfigurationList section */
		FDC354B32BE6C87300B9DD3F /* Build configuration list for PBXProject "YourMusic" */ = {
			isa = XCConfigurationList;
			buildConfigurations = (
				FDC354C62BE6C87600B9DD3F /* Debug */,
				FDC354C72BE6C87600B9DD3F /* Release */,
			);
			defaultConfigurationIsVisible = 0;
			defaultConfigurationName = Release;
		};
		FDC354C82BE6C87600B9DD3F /* Build configuration list for PBXNativeTarget "YourMusic" */ = {
			isa = XCConfigurationList;
			buildConfigurations = (
				FDC354C92BE6C87600B9DD3F /* Debug */,
				FDC354CA2BE6C87600B9DD3F /* Release */,
			);
			defaultConfigurationIsVisible = 0;
			defaultConfigurationName = Release;
		};
/* End XCConfigurationList section */
	};
	rootObject = FDC354B02BE6C87300B9DD3F /* Project object */;
}
